
Microsoft Visual Studio Solution File, Format Version 12.00
# Visual Studio Version 18
VisualStudioVersion = 18.6.11822.322 stable
MinimumVisualStudioVersion = 10.0.40219.1
Project("{FAE04EC0-301F-11D3-BF4B-00C04F79EFBC}") = "VendinhaUnimar", "VendinhaUnimar.csproj", "{FA513E82-5757-4B0D-4072-B4213E5F9EB4}"
EndProject
Global
	GlobalSection(SolutionConfigurationPlatforms) = preSolution
		Debug|Any CPU = Debug|Any CPU
		Release|Any CPU = Release|Any CPU
	EndGlobalSection
	GlobalSection(ProjectConfigurationPlatforms) = postSolution
		{FA513E82-5757-4B0D-4072-B4213E5F9EB4}.Debug|Any CPU.ActiveCfg = Debug|Any CPU
		{FA513E82-5757-4B0D-4072-B4213E5F9EB4}.Debug|Any CPU.Build.0 = Debug|Any CPU
		{FA513E82-5757-4B0D-4072-B4213E5F9EB4}.Release|Any CPU.ActiveCfg = Release|Any CPU
		{FA513E82-5757-4B0D-4072-B4213E5F9EB4}.Release|Any CPU.Build.0 = Release|Any CPU
	EndGlobalSection
	GlobalSection(SolutionProperties) = preSolution
		HideSolutionNode = FALSE
	EndGlobalSection
	GlobalSection(ExtensibilityGlobals) = postSolution
		SolutionGuid = {174B4FD8-0308-4069-A16B-5F121C0632F7}
	EndGlobalSection
EndGlobal
